{
  "name": "pra1",
  "version": "1.0.0",
  "lockfileVersion": 2,
  "requires": true,
  "packages": {
    "": {
      "name": "pra1",
      "version": "1.0.0",
      "license": "ISC",
      "dependencies": {
        "celsius": "^1.0.2"
      }
    },
    "node_modules/celsius": {
      "version": "1.0.2",
      "resolved": "https://registry.npmjs.org/celsius/-/celsius-1.0.2.tgz",
      "integrity": "sha512-bxprJ27FiATzh0fejXJvw2XLhxLbRh2cAPjpmP2RvyELzXSwkP7iLieohnWTYwpQx/QzJOdQgdj9/2EUv0orjw=="
    }
  },
  "dependencies": {
    "celsius": {
      "version": "1.0.2",
      "resolved": "https://registry.npmjs.org/celsius/-/celsius-1.0.2.tgz",
      "integrity": "sha512-bxprJ27FiATzh0fejXJvw2XLhxLbRh2cAPjpmP2RvyELzXSwkP7iLieohnWTYwpQx/QzJOdQgdj9/2EUv0orjw=="
    }
  }
}
